
Microsoft Visual Studio Solution File, Format Version 12.00
# Visual Studio Version 16
VisualStudioVersion = 16.0.31624.102
MinimumVisualStudioVersion = 10.0.40219.1
Project("{FAE04EC0-301F-11D3-BF4B-00C04F79EFBC}") = "InspirationEngine.Core", "InspirationEngine.Core\InspirationEngine.Core.csproj", "{B16E2C36-0612-4257-AC4A-AFAB48E87EA2}"
EndProject
Project("{FAE04EC0-301F-11D3-BF4B-00C04F79EFBC}") = "InspirationEngine.WPF", "InspirationEngine.WPF\InspirationEngine.WPF.csproj", "{28E10E7B-180F-4ADD-A7BE-6D888BC66A5B}"
EndProject
Global
	GlobalSection(SolutionConfigurationPlatforms) = preSolution
		Debug|Any CPU = Debug|Any CPU
		Release|Any CPU = Release|Any CPU
	EndGlobalSection
	GlobalSection(ProjectConfigurationPlatforms) = postSolution
		{B16E2C36-0612-4257-AC4A-AFAB48E87EA2}.Debug|Any CPU.ActiveCfg = Debug|Any CPU
		{B16E2C36-0612-4257-AC4A-AFAB48E87EA2}.Debug|Any CPU.Build.0 = Debug|Any CPU
		{B16E2C36-0612-4257-AC4A-AFAB48E87EA2}.Release|Any CPU.ActiveCfg = Release|Any CPU
		{B16E2C36-0612-4257-AC4A-AFAB48E87EA2}.Release|Any CPU.Build.0 = Release|Any CPU
		{28E10E7B-180F-4ADD-A7BE-6D888BC66A5B}.Debug|Any CPU.ActiveCfg = Debug|Any CPU
		{28E10E7B-180F-4ADD-A7BE-6D888BC66A5B}.Debug|Any CPU.Build.0 = Debug|Any CPU
		{28E10E7B-180F-4ADD-A7BE-6D888BC66A5B}.Release|Any CPU.ActiveCfg = Release|Any CPU
		{28E10E7B-180F-4ADD-A7BE-6D888BC66A5B}.Release|Any CPU.Build.0 = Release|Any CPU
	EndGlobalSection
	GlobalSection(SolutionProperties) = preSolution
		HideSolutionNode = FALSE
	EndGlobalSection
	GlobalSection(ExtensibilityGlobals) = postSolution
		SolutionGuid = {D9DC4829-AFE3-4904-8709-483575F43A02}
	EndGlobalSection
EndGlobal
